
Microsoft Visual Studio Solution File, Format Version 12.00
# Visual Studio Version 17
VisualStudioVersion = 17.0.31903.59
MinimumVisualStudioVersion = 10.0.40219.1
Project("{FAE04EC0-301F-11D3-BF4B-00C04F79EFBC}") = "BudgetBeavers.Core", "BudgetBeavers.Core\BudgetBeavers.Core.csproj", "{A016498A-4766-4F88-A3BD-F67147BAB565}"
EndProject
Project("{FAE04EC0-301F-11D3-BF4B-00C04F79EFBC}") = "BudgetBeavers.Persistence", "BudgetBeavers.Persistence\BudgetBeavers.Persistence.csproj", "{0C347279-F1B6-44D6-9F89-7797C26C89A3}"
EndProject
Global
	GlobalSection(SolutionConfigurationPlatforms) = preSolution
		Debug|Any CPU = Debug|Any CPU
		Release|Any CPU = Release|Any CPU
	EndGlobalSection
	GlobalSection(SolutionProperties) = preSolution
		HideSolutionNode = FALSE
	EndGlobalSection
	GlobalSection(ProjectConfigurationPlatforms) = postSolution
		{A016498A-4766-4F88-A3BD-F67147BAB565}.Debug|Any CPU.ActiveCfg = Debug|Any CPU
		{A016498A-4766-4F88-A3BD-F67147BAB565}.Debug|Any CPU.Build.0 = Debug|Any CPU
		{A016498A-4766-4F88-A3BD-F67147BAB565}.Release|Any CPU.ActiveCfg = Release|Any CPU
		{A016498A-4766-4F88-A3BD-F67147BAB565}.Release|Any CPU.Build.0 = Release|Any CPU
		{0C347279-F1B6-44D6-9F89-7797C26C89A3}.Debug|Any CPU.ActiveCfg = Debug|Any CPU
		{0C347279-F1B6-44D6-9F89-7797C26C89A3}.Debug|Any CPU.Build.0 = Debug|Any CPU
		{0C347279-F1B6-44D6-9F89-7797C26C89A3}.Release|Any CPU.ActiveCfg = Release|Any CPU
		{0C347279-F1B6-44D6-9F89-7797C26C89A3}.Release|Any CPU.Build.0 = Release|Any CPU
	EndGlobalSection
EndGlobal
